// !$*UTF8*$!
{
	archiveVersion = 1;
	classes = {
	};
	objectVersion = 50;
	objects = {

/* Begin PBXBuildFile section */
		297382B121D594AA00B7D650 /* AppDelegate.swift in Sources */ = {isa = PBXBuildFile; fileRef = 297382B021D594AA00B7D650 /* AppDelegate.swift */; };
		297382B321D594AA00B7D650 /* ViewController.swift in Sources */ = {isa = PBXBuildFile; fileRef = 297382B221D594AA00B7D650 /* ViewController.swift */; };
		297382B621D594AA00B7D650 /* Main.storyboard in Resources */ = {isa = PBXBuildFile; fileRef = 297382B421D594AA00B7D650 /* Main.storyboard */; };
		297382B821D594AC00B7D650 /* Assets.xcassets in Resources */ = {isa = PBXBuildFile; fileRef = 297382B721D594AC00B7D650 /* Assets.xcassets */; };
		297382BB21D594AC00B7D650 /* LaunchScreen.storyboard in Resources */ = {isa = PBXBuildFile; fileRef = 297382B921D594AC00B7D650 /* LaunchScreen.storyboard */; };
		298FCE0221D59601003C823E /* CustomCollectionViewCell.swift in Sources */ = {isa = PBXBuildFile; fileRef = 298FCE0121D59601003C823E /* CustomCollectionViewCell.swift */; };
		3545C8B821D5A476008A2E12 /* ViewControllerViewModel.swift in Sources */ = {isa = PBXBuildFile; fileRef = 3545C8B721D5A476008A2E12 /* ViewControllerViewModel.swift */; };
		3545C8BC21D5C971008A2E12 /* Collection+Extension.swift in Sources */ = {isa = PBXBuildFile; fileRef = 3545C8BB21D5C971008A2E12 /* Collection+Extension.swift */; };
/* End PBXBuildFile section */

/* Begin PBXFileReference section */
		297382AD21D594AA00B7D650 /* selectableCollectionViewApp.app */ = {isa = PBXFileReference; explicitFileType = wrapper.application; includeInIndex = 0; path = selectableCollectionViewApp.app; sourceTree = BUILT_PRODUCTS_DIR; };
		297382B021D594AA00B7D650 /* AppDelegate.swift */ = {isa = PBXFileReference; lastKnownFileType = sourcecode.swift; path = AppDelegate.swift; sourceTree = "<group>"; };
		297382B221D594AA00B7D650 /* ViewController.swift */ = {isa = PBXFileReference; lastKnownFileType = sourcecode.swift; path = ViewController.swift; sourceTree = "<group>"; };
		297382B521D594AA00B7D650 /* Base */ = {isa = PBXFileReference; lastKnownFileType = file.storyboard; name = Base; path = Base.lproj/Main.storyboard; sourceTree = "<group>"; };
		297382B721D594AC00B7D650 /* Assets.xcassets */ = {isa = PBXFileReference; lastKnownFileType = folder.assetcatalog; path = Assets.xcassets; sourceTree = "<group>"; };
		297382BA21D594AC00B7D650 /* Base */ = {isa = PBXFileReference; lastKnownFileType = file.storyboard; name = Base; path = Base.lproj/LaunchScreen.storyboard; sourceTree = "<group>"; };
		297382BC21D594AC00B7D650 /* Info.plist */ = {isa = PBXFileReference; lastKnownFileType = text.plist.xml; path = Info.plist; sourceTree = "<group>"; };
		298FCE0121D59601003C823E /* CustomCollectionViewCell.swift */ = {isa = PBXFileReference; lastKnownFileType = sourcecode.swift; path = CustomCollectionViewCell.swift; sourceTree = "<group>"; };
		3545C8B721D5A476008A2E12 /* ViewControllerViewModel.swift */ = {isa = PBXFileReference; lastKnownFileType = sourcecode.swift; path = ViewControllerViewModel.swift; sourceTree = "<group>"; };
		3545C8BB21D5C971008A2E12 /* Collection+Extension.swift */ = {isa = PBXFileReference; lastKnownFileType = sourcecode.swift; path = "Collection+Extension.swift"; sourceTree = "<group>"; };
/* End PBXFileReference section */

/* Begin PBXFrameworksBuildPhase section */
		297382AA21D594AA00B7D650 /* Frameworks */ = {
			isa = PBXFrameworksBuildPhase;
			buildActionMask = 2147483647;
			files = (
			);
			runOnlyForDeploymentPostprocessing = 0;
		};
/* End PBXFrameworksBuildPhase section */

/* Begin PBXGroup section */
		297382A421D594AA00B7D650 = {
			isa = PBXGroup;
			children = (
				297382AF21D594AA00B7D650 /* selectableCollectionViewApp */,
				297382AE21D594AA00B7D650 /* Products */,
			);
			sourceTree = "<group>";
		};
		297382AE21D594AA00B7D650 /* Products */ = {
			isa = PBXGroup;
			children = (
				297382AD21D594AA00B7D650 /* selectableCollectionViewApp.app */,
			);
			name = Products;
			sourceTree = "<group>";
		};
		297382AF21D594AA00B7D650 /* selectableCollectionViewApp */ = {
			isa = PBXGroup;
			children = (
				297382B021D594AA00B7D650 /* AppDelegate.swift */,
				297382B221D594AA00B7D650 /* ViewController.swift */,
				3545C8B721D5A476008A2E12 /* ViewControllerViewModel.swift */,
				298FCE0121D59601003C823E /* CustomCollectionViewCell.swift */,
				297382B421D594AA00B7D650 /* Main.storyboard */,
				297382B721D594AC00B7D650 /* Assets.xcassets */,
				297382B921D594AC00B7D650 /* LaunchScreen.storyboard */,
				297382BC21D594AC00B7D650 /* Info.plist */,
				3545C8BB21D5C971008A2E12 /* Collection+Extension.swift */,
			);
			path = selectableCollectionViewApp;
			sourceTree = "<group>";
		};
/* End PBXGroup section */

/* Begin PBXNativeTarget section */
		297382AC21D594AA00B7D650 /* selectableCollectionViewApp */ = {
			isa = PBXNativeTarget;
			buildConfigurationList = 297382BF21D594AC00B7D650 /* Build configuration list for PBXNativeTarget "selectableCollectionViewApp" */;
			buildPhases = (
				297382A921D594AA00B7D650 /* Sources */,
				297382AA21D594AA00B7D650 /* Frameworks */,
				297382AB21D594AA00B7D650 /* Resources */,
			);
			buildRules = (
			);
			dependencies = (
			);
			name = selectableCollectionViewApp;
			productName = selectableCollectionViewApp;
			productReference = 297382AD21D594AA00B7D650 /* selectableCollectionViewApp.app */;
			productType = "com.apple.product-type.application";
		};
/* End PBXNativeTarget section */

/* Begin PBXProject section */
		297382A521D594AA00B7D650 /* Project object */ = {
			isa = PBXProject;
			attributes = {
				LastSwiftUpdateCheck = 1010;
				LastUpgradeCheck = 1010;
				ORGANIZATIONNAME = taehyen;
				TargetAttributes = {
					297382AC21D594AA00B7D650 = {
						CreatedOnToolsVersion = 10.1;
					};
				};
			};
			buildConfigurationList = 297382A821D594AA00B7D650 /* Build configuration list for PBXProject "selectableCollectionViewApp" */;
			compatibilityVersion = "Xcode 9.3";
			developmentRegion = en;
			hasScannedForEncodings = 0;
			knownRegions = (
				en,
				Base,
			);
			mainGroup = 297382A421D594AA00B7D650;
			productRefGroup = 297382AE21D594AA00B7D650 /* Products */;
			projectDirPath = "";
			projectRoot = "";
			targets = (
				297382AC21D594AA00B7D650 /* selectableCollectionViewApp */,
			);
		};
/* End PBXProject section */

/* Begin PBXResourcesBuildPhase section */
		297382AB21D594AA00B7D650 /* Resources */ = {
			isa = PBXResourcesBuildPhase;
			buildActionMask = 2147483647;
			files = (
				297382BB21D594AC00B7D650 /* LaunchScreen.storyboard in Resources */,
				297382B821D594AC00B7D650 /* Assets.xcassets in Resources */,
				297382B621D594AA00B7D650 /* Main.storyboard in Resources */,
			);
			runOnlyForDeploymentPostprocessing = 0;
		};
/* End PBXResourcesBuildPhase section */

/* Begin PBXSourcesBuildPhase section */
		297382A921D594AA00B7D650 /* Sources */ = {
			isa = PBXSourcesBuildPhase;
			buildActionMask = 2147483647;
			files = (
				297382B321D594AA00B7D650 /* ViewController.swift in Sources */,
				298FCE0221D59601003C823E /* CustomCollectionViewCell.swift in Sources */,
				297382B121D594AA00B7D650 /* AppDelegate.swift in Sources */,
				3545C8B821D5A476008A2E12 /* ViewControllerViewModel.swift in Sources */,
				3545C8BC21D5C971008A2E12 /* Collection+Extension.swift in Sources */,
			);
			runOnlyForDeploymentPostprocessing = 0;
		};
/* End PBXSourcesBuildPhase section */

/* Begin PBXVariantGroup section */
		297382B421D594AA00B7D650 /* Main.storyboard */ = {
			isa = PBXVariantGroup;
			children = (
				297382B521D594AA00B7D650 /* Base */,
			);
			name = Main.storyboard;
			sourceTree = "<group>";
		};
		297382B921D594AC00B7D650 /* LaunchScreen.storyboard */ = {
			isa = PBXVariantGroup;
			children = (
				297382BA21D594AC00B7D650 /* Base */,
			);
			name = LaunchScreen.storyboard;
			sourceTree = "<group>";
		};
/* End PBXVariantGroup section */

/* Begin XCBuildConfiguration section */
		297382BD21D594AC00B7D650 /* Debug */ = {
			isa = XCBuildConfiguration;
			buildSettings = {
				ALWAYS_SEARCH_USER_PATHS = NO;
				CLANG_ANALYZER_NONNULL = YES;
				CLANG_ANALYZER_NUMBER_OBJECT_CONVERSION = YES_AGGRESSIVE;
				CLANG_CXX_LANGUAGE_STANDARD = "gnu++14";
				CLANG_CXX_LIBRARY = "libc++";
				CLANG_ENABLE_MODULES = YES;
				CLANG_ENABLE_OBJC_ARC = YES;
				CLANG_ENABLE_OBJC_WEAK = YES;
				CLANG_WARN_BLOCK_CAPTURE_AUTORELEASING = YES;
				CLANG_WARN_BOOL_CONVERSION = YES;
				CLANG_WARN_COMMA = YES;
				CLANG_WARN_CONSTANT_CONVERSION = YES;
				CLANG_WARN_DEPRECATED_OBJC_IMPLEMENTATIONS = YES;
				CLANG_WARN_DIRECT_OBJC_ISA_USAGE = YES_ERROR;
				CLANG_WARN_DOCUMENTATION_COMMENTS = YES;
				CLANG_WARN_EMPTY_BODY = YES;
				CLANG_WARN_ENUM_CONVERSION = YES;
				CLANG_WARN_INFINITE_RECURSION = YES;
				CLANG_WARN_INT_CONVERSION = YES;
				CLANG_WARN_NON_LITERAL_NULL_CONVERSION = YES;
				CLANG_WARN_OBJC_IMPLICIT_RETAIN_SELF = YES;
				CLANG_WARN_OBJC_LITERAL_CONVERSION = YES;
				CLANG_WARN_OBJC_ROOT_CLASS = YES_ERROR;
				CLANG_WARN_RANGE_LOOP_ANALYSIS = YES;
				CLANG_WARN_STRICT_PROTOTYPES = YES;
				CLANG_WARN_SUSPICIOUS_MOVE = YES;
				CLANG_WARN_UNGUARDED_AVAILABILITY = YES_AGGRESSIVE;
				CLANG_WARN_UNREACHABLE_CODE = YES;
				CLANG_WARN__DUPLICATE_METHOD_MATCH = YES;
				CODE_SIGN_IDENTITY = "iPhone Developer";
				COPY_PHASE_STRIP = NO;
				DEBUG_INFORMATION_FORMAT = dwarf;
				ENABLE_STRICT_OBJC_MSGSEND = YES;
				ENABLE_TESTABILITY = YES;
				GCC_C_LANGUAGE_STANDARD = gnu11;
				GCC_DYNAMIC_NO_PIC = NO;
				GCC_NO_COMMON_BLOCKS = YES;
				GCC_OPTIMIZATION_LEVEL = 0;
				GCC_PREPROCESSOR_DEFINITIONS = (
					"DEBUG=1",
					"$(inherited)",
				);
				GCC_WARN_64_TO_32_BIT_CONVERSION = YES;
				GCC_WARN_ABOUT_RETURN_TYPE = YES_ERROR;
				GCC_WARN_UNDECLARED_SELECTOR = YES;
				GCC_WARN_UNINITIALIZED_AUTOS = YES_AGGRESSIVE;
				GCC_WARN_UNUSED_FUNCTION = YES;
				GCC_WARN_UNUSED_VARIABLE = YES;
				IPHONEOS_DEPLOYMENT_TARGET = 12.1;
				MTL_ENABLE_DEBUG_INFO = INCLUDE_SOURCE;
				MTL_FAST_MATH = YES;
				ONLY_ACTIVE_ARCH = YES;
				SDKROOT = iphoneos;
				SWIFT_ACTIVE_COMPILATION_CONDITIONS = DEBUG;
				SWIFT_OPTIMIZATION_LEVEL = "-Onone";
			};
			name = Debug;
		};
		297382BE21D594AC00B7D650 /* Release */ = {
			isa = XCBuildConfiguration;
			buildSettings = {
				ALWAYS_SEARCH_USER_PATHS = NO;
				CLANG_ANALYZER_NONNULL = YES;
				CLANG_ANALYZER_NUMBER_OBJECT_CONVERSION = YES_AGGRESSIVE;
				CLANG_CXX_LANGUAGE_STANDARD = "gnu++14";
				CLANG_CXX_LIBRARY = "libc++";
				CLANG_ENABLE_MODULES = YES;
				CLANG_ENABLE_OBJC_ARC = YES;
				CLANG_ENABLE_OBJC_WEAK = YES;
				CLANG_WARN_BLOCK_CAPTURE_AUTORELEASING = YES;
				CLANG_WARN_BOOL_CONVERSION = YES;
				CLANG_WARN_COMMA = YES;
				CLANG_WARN_CONSTANT_CONVERSION = YES;
				CLANG_WARN_DEPRECATED_OBJC_IMPLEMENTATIONS = YES;
				CLANG_WARN_DIRECT_OBJC_ISA_USAGE = YES_ERROR;
				CLANG_WARN_DOCUMENTATION_COMMENTS = YES;
				CLANG_WARN_EMPTY_BODY = YES;
				CLANG_WARN_ENUM_CONVERSION = YES;
				CLANG_WARN_INFINITE_RECURSION = YES;
				CLANG_WARN_INT_CONVERSION = YES;
				CLANG_WARN_NON_LITERAL_NULL_CONVERSION = YES;
				CLANG_WARN_OBJC_IMPLICIT_RETAIN_SELF = YES;
				CLANG_WARN_OBJC_LITERAL_CONVERSION = YES;
				CLANG_WARN_OBJC_ROOT_CLASS = YES_ERROR;
				CLANG_WARN_RANGE_LOOP_ANALYSIS = YES;
				CLANG_WARN_STRICT_PROTOTYPES = YES;
				CLANG_WARN_SUSPICIOUS_MOVE = YES;
				CLANG_WARN_UNGUARDED_AVAILABILITY = YES_AGGRESSIVE;
				CLANG_WARN_UNREACHABLE_CODE = YES;
				CLANG_WARN__DUPLICATE_METHOD_MATCH = YES;
				CODE_SIGN_IDENTITY = "iPhone Developer";
				COPY_PHASE_STRIP = NO;
				DEBUG_INFORMATION_FORMAT = "dwarf-with-dsym";
				ENABLE_NS_ASSERTIONS = NO;
				ENABLE_STRICT_OBJC_MSGSEND = YES;
				GCC_C_LANGUAGE_STANDARD = gnu11;
				GCC_NO_COMMON_BLOCKS = YES;
				GCC_WARN_64_TO_32_BIT_CONVERSION = YES;
				GCC_WARN_ABOUT_RETURN_TYPE = YES_ERROR;
				GCC_WARN_UNDECLARED_SELECTOR = YES;
				GCC_WARN_UNINITIALIZED_AUTOS = YES_AGGRESSIVE;
				GCC_WARN_UNUSED_FUNCTION = YES;
				GCC_WARN_UNUSED_VARIABLE = YES;
				IPHONEOS_DEPLOYMENT_TARGET = 12.1;
				MTL_ENABLE_DEBUG_INFO = NO;
				MTL_FAST_MATH = YES;
				SDKROOT = iphoneos;
				SWIFT_COMPILATION_MODE = wholemodule;
				SWIFT_OPTIMIZATION_LEVEL = "-O";
				VALIDATE_PRODUCT = YES;
			};
			name = Release;
		};
		297382C021D594AC00B7D650 /* Debug */ = {
			isa = XCBuildConfiguration;
			buildSettings = {
				ASSETCATALOG_COMPILER_APPICON_NAME = AppIcon;
				CODE_SIGN_STYLE = Automatic;
				DEVELOPMENT_TEAM = DL39NWRFYR;
				INFOPLIST_FILE = selectableCollectionViewApp/Info.plist;
				LD_RUNPATH_SEARCH_PATHS = (
					"$(inherited)",
					"@executable_path/Frameworks",
				);
				PRODUCT_BUNDLE_IDENTIFIER = com.taehyen.selectableCollectionViewApp;
				PRODUCT_NAME = "$(TARGET_NAME)";
				SWIFT_VERSION = 4.2;
				TARGETED_DEVICE_FAMILY = "1,2";
			};
			name = Debug;
		};
		297382C121D594AC00B7D650 /* Release */ = {
			isa = XCBuildConfiguration;
			buildSettings = {
				ASSETCATALOG_COMPILER_APPICON_NAME = AppIcon;
				CODE_SIGN_STYLE = Automatic;
				DEVELOPMENT_TEAM = DL39NWRFYR;
				INFOPLIST_FILE = selectableCollectionViewApp/Info.plist;
				LD_RUNPATH_SEARCH_PATHS = (
					"$(inherited)",
					"@executable_path/Frameworks",
				);
				PRODUCT_BUNDLE_IDENTIFIER = com.taehyen.selectableCollectionViewApp;
				PRODUCT_NAME = "$(TARGET_NAME)";
				SWIFT_VERSION = 4.2;
				TARGETED_DEVICE_FAMILY = "1,2";
			};
			name = Release;
		};
/* End XCBuildConfiguration section */

/* Begin XCConfigurationList section */
		297382A821D594AA00B7D650 /* Build configuration list for PBXProject "selectableCollectionViewApp" */ = {
			isa = XCConfigurationList;
			buildConfigurations = (
				297382BD21D594AC00B7D650 /* Debug */,
				297382BE21D594AC00B7D650 /* Release */,
			);
			defaultConfigurationIsVisible = 0;
			defaultConfigurationName = Release;
		};
		297382BF21D594AC00B7D650 /* Build configuration list for PBXNativeTarget "selectableCollectionViewApp" */ = {
			isa = XCConfigurationList;
			buildConfigurations = (
				297382C021D594AC00B7D650 /* Debug */,
				297382C121D594AC00B7D650 /* Release */,
			);
			defaultConfigurationIsVisible = 0;
			defaultConfigurationName = Release;
		};
/* End XCConfigurationList section */
	};
	rootObject = 297382A521D594AA00B7D650 /* Project object */;
}
